<Solution>
  <Project Path="../CitasApp.Test/CitasApp.Test.csproj" Id="1705452c-ee81-4b63-b659-f55603219a55" />
  <Project Path="CitasApp.Api/CitasApp.Api.csproj" />
  <Project Path="CitasApp.Application/CitasApp.Application.csproj" />
  <Project Path="CitasApp.csproj" />
  <Project Path="CitasApp.Domain/CitasApp.Domain.csproj" />
  <Project Path="CitasApp.Infrastructure/CitasApp.Infrastructure.csproj" />
</Solution>
